// !$*UTF8*$!
{
	archiveVersion = 1;
	classes = {
	};
	objectVersion = 55;
	objects = {

/* Begin PBXBuildFile section */
		E9363E52287A1E5F00563999 /* SearchDetailView.swift in Sources */ = {isa = PBXBuildFile; fileRef = E9363E51287A1E5F00563999 /* SearchDetailView.swift */; };
		E9363E54287A1E7100563999 /* SearchDetailViewModel.swift in Sources */ = {isa = PBXBuildFile; fileRef = E9363E53287A1E7100563999 /* SearchDetailViewModel.swift */; };
		E98D5D48287AAAE600C39F5A /* Shared_Models.framework in Frameworks */ = {isa = PBXBuildFile; fileRef = E98D5D47287AAAE600C39F5A /* Shared_Models.framework */; };
		E98D5D49287AAAE600C39F5A /* Shared_Models.framework in Embed Frameworks */ = {isa = PBXBuildFile; fileRef = E98D5D47287AAAE600C39F5A /* Shared_Models.framework */; settings = {ATTRIBUTES = (CodeSignOnCopy, RemoveHeadersOnCopy, ); }; };
		E9927A952878B217001EA9BA /* Search.docc in Sources */ = {isa = PBXBuildFile; fileRef = E9927A942878B217001EA9BA /* Search.docc */; };
		E9927A9B2878B217001EA9BA /* Search.framework in Frameworks */ = {isa = PBXBuildFile; fileRef = E9927A902878B217001EA9BA /* Search.framework */; };
		E9927AA02878B217001EA9BA /* SearchTests.swift in Sources */ = {isa = PBXBuildFile; fileRef = E9927A9F2878B217001EA9BA /* SearchTests.swift */; };
		E9927AA12878B217001EA9BA /* Search.h in Headers */ = {isa = PBXBuildFile; fileRef = E9927A932878B217001EA9BA /* Search.h */; settings = {ATTRIBUTES = (Public, ); }; };
		E9927AAD2878B230001EA9BA /* SearchView.swift in Sources */ = {isa = PBXBuildFile; fileRef = E9927AAC2878B230001EA9BA /* SearchView.swift */; };
		E9927AAF2878B23A001EA9BA /* SearchViewModel.swift in Sources */ = {isa = PBXBuildFile; fileRef = E9927AAE2878B23A001EA9BA /* SearchViewModel.swift */; };
		E99798C4287AAEC900FB3751 /* SearchMovieGateway.swift in Sources */ = {isa = PBXBuildFile; fileRef = E99798C3287AAEC900FB3751 /* SearchMovieGateway.swift */; };
		E99798C6287AAFB700FB3751 /* SearchMovieGetewayParameters.swift in Sources */ = {isa = PBXBuildFile; fileRef = E99798C5287AAFB700FB3751 /* SearchMovieGetewayParameters.swift */; };
		E99798C8287AB01700FB3751 /* SearchMovieNetworkGeteway.swift in Sources */ = {isa = PBXBuildFile; fileRef = E99798C7287AB01700FB3751 /* SearchMovieNetworkGeteway.swift */; };
		E99798CC287AB05B00FB3751 /* Keys.swift in Sources */ = {isa = PBXBuildFile; fileRef = E99798CA287AB05B00FB3751 /* Keys.swift */; };
		E99798CD287AB05B00FB3751 /* APIKey.swift in Sources */ = {isa = PBXBuildFile; fileRef = E99798CB287AB05B00FB3751 /* APIKey.swift */; };
		E99798CF287AB26B00FB3751 /* Extensions.framework in Frameworks */ = {isa = PBXBuildFile; fileRef = E99798CE287AB26B00FB3751 /* Extensions.framework */; };
		E99798D0287AB26B00FB3751 /* Extensions.framework in Embed Frameworks */ = {isa = PBXBuildFile; fileRef = E99798CE287AB26B00FB3751 /* Extensions.framework */; settings = {ATTRIBUTES = (CodeSignOnCopy, RemoveHeadersOnCopy, ); }; };
		E9EE41A7287B59E000D89135 /* Localizable.strings in Resources */ = {isa = PBXBuildFile; fileRef = E9EE41A9287B59E000D89135 /* Localizable.strings */; };
/* End PBXBuildFile section */

/* Begin PBXContainerItemProxy section */
		E9927A9C2878B217001EA9BA /* PBXContainerItemProxy */ = {
			isa = PBXContainerItemProxy;
			containerPortal = E9927A872878B217001EA9BA /* Project object */;
			proxyType = 1;
			remoteGlobalIDString = E9927A8F2878B217001EA9BA;
			remoteInfo = Search;
		};
/* End PBXContainerItemProxy section */

/* Begin PBXCopyFilesBuildPhase section */
		E98D5D4A287AAAE600C39F5A /* Embed Frameworks */ = {
			isa = PBXCopyFilesBuildPhase;
			buildActionMask = 2147483647;
			dstPath = "";
			dstSubfolderSpec = 10;
			files = (
				E99798D0287AB26B00FB3751 /* Extensions.framework in Embed Frameworks */,
				E98D5D49287AAAE600C39F5A /* Shared_Models.framework in Embed Frameworks */,
			);
			name = "Embed Frameworks";
			runOnlyForDeploymentPostprocessing = 0;
		};
/* End PBXCopyFilesBuildPhase section */

/* Begin PBXFileReference section */
		E9363E51287A1E5F00563999 /* SearchDetailView.swift */ = {isa = PBXFileReference; lastKnownFileType = sourcecode.swift; path = SearchDetailView.swift; sourceTree = "<group>"; };
		E9363E53287A1E7100563999 /* SearchDetailViewModel.swift */ = {isa = PBXFileReference; lastKnownFileType = sourcecode.swift; path = SearchDetailViewModel.swift; sourceTree = "<group>"; };
		E98D5D47287AAAE600C39F5A /* Shared_Models.framework */ = {isa = PBXFileReference; explicitFileType = wrapper.framework; path = Shared_Models.framework; sourceTree = BUILT_PRODUCTS_DIR; };
		E9927A902878B217001EA9BA /* Search.framework */ = {isa = PBXFileReference; explicitFileType = wrapper.framework; includeInIndex = 0; path = Search.framework; sourceTree = BUILT_PRODUCTS_DIR; };
		E9927A932878B217001EA9BA /* Search.h */ = {isa = PBXFileReference; lastKnownFileType = sourcecode.c.h; path = Search.h; sourceTree = "<group>"; };
		E9927A942878B217001EA9BA /* Search.docc */ = {isa = PBXFileReference; lastKnownFileType = folder.documentationcatalog; path = Search.docc; sourceTree = "<group>"; };
		E9927A9A2878B217001EA9BA /* SearchTests.xctest */ = {isa = PBXFileReference; explicitFileType = wrapper.cfbundle; includeInIndex = 0; path = SearchTests.xctest; sourceTree = BUILT_PRODUCTS_DIR; };
		E9927A9F2878B217001EA9BA /* SearchTests.swift */ = {isa = PBXFileReference; lastKnownFileType = sourcecode.swift; path = SearchTests.swift; sourceTree = "<group>"; };
		E9927AAC2878B230001EA9BA /* SearchView.swift */ = {isa = PBXFileReference; lastKnownFileType = sourcecode.swift; path = SearchView.swift; sourceTree = "<group>"; };
		E9927AAE2878B23A001EA9BA /* SearchViewModel.swift */ = {isa = PBXFileReference; lastKnownFileType = sourcecode.swift; path = SearchViewModel.swift; sourceTree = "<group>"; };
		E99798C3287AAEC900FB3751 /* SearchMovieGateway.swift */ = {isa = PBXFileReference; lastKnownFileType = sourcecode.swift; path = SearchMovieGateway.swift; sourceTree = "<group>"; };
		E99798C5287AAFB700FB3751 /* SearchMovieGetewayParameters.swift */ = {isa = PBXFileReference; lastKnownFileType = sourcecode.swift; path = SearchMovieGetewayParameters.swift; sourceTree = "<group>"; };
		E99798C7287AB01700FB3751 /* SearchMovieNetworkGeteway.swift */ = {isa = PBXFileReference; lastKnownFileType = sourcecode.swift; path = SearchMovieNetworkGeteway.swift; sourceTree = "<group>"; };
		E99798CA287AB05B00FB3751 /* Keys.swift */ = {isa = PBXFileReference; lastKnownFileType = sourcecode.swift; path = Keys.swift; sourceTree = "<group>"; };
		E99798CB287AB05B00FB3751 /* APIKey.swift */ = {isa = PBXFileReference; lastKnownFileType = sourcecode.swift; path = APIKey.swift; sourceTree = "<group>"; };
		E99798CE287AB26B00FB3751 /* Extensions.framework */ = {isa = PBXFileReference; explicitFileType = wrapper.framework; path = Extensions.framework; sourceTree = BUILT_PRODUCTS_DIR; };
		E9EE41A8287B59E000D89135 /* en */ = {isa = PBXFileReference; lastKnownFileType = text.plist.strings; name = en; path = en.lproj/Localizable.strings; sourceTree = "<group>"; };
		E9EE41AA287B59E200D89135 /* bg */ = {isa = PBXFileReference; lastKnownFileType = text.plist.strings; name = bg; path = bg.lproj/Localizable.strings; sourceTree = "<group>"; };
		E9EE41AB287B59E600D89135 /* es */ = {isa = PBXFileReference; lastKnownFileType = text.plist.strings; name = es; path = es.lproj/Localizable.strings; sourceTree = "<group>"; };
/* End PBXFileReference section */

/* Begin PBXFrameworksBuildPhase section */
		E9927A8D2878B217001EA9BA /* Frameworks */ = {
			isa = PBXFrameworksBuildPhase;
			buildActionMask = 2147483647;
			files = (
				E99798CF287AB26B00FB3751 /* Extensions.framework in Frameworks */,
				E98D5D48287AAAE600C39F5A /* Shared_Models.framework in Frameworks */,
			);
			runOnlyForDeploymentPostprocessing = 0;
		};
		E9927A972878B217001EA9BA /* Frameworks */ = {
			isa = PBXFrameworksBuildPhase;
			buildActionMask = 2147483647;
			files = (
				E9927A9B2878B217001EA9BA /* Search.framework in Frameworks */,
			);
			runOnlyForDeploymentPostprocessing = 0;
		};
/* End PBXFrameworksBuildPhase section */

/* Begin PBXGroup section */
		E9363E4E287A1C7B00563999 /* Gateways */ = {
			isa = PBXGroup;
			children = (
				E9363E4F287A1C8300563999 /* Search Movie */,
			);
			path = Gateways;
			sourceTree = "<group>";
		};
		E9363E4F287A1C8300563999 /* Search Movie */ = {
			isa = PBXGroup;
			children = (
				E99798C3287AAEC900FB3751 /* SearchMovieGateway.swift */,
				E99798C7287AB01700FB3751 /* SearchMovieNetworkGeteway.swift */,
				E99798C5287AAFB700FB3751 /* SearchMovieGetewayParameters.swift */,
			);
			path = "Search Movie";
			sourceTree = "<group>";
		};
		E9363E50287A1E4C00563999 /* Search Detail */ = {
			isa = PBXGroup;
			children = (
				E9363E51287A1E5F00563999 /* SearchDetailView.swift */,
				E9363E53287A1E7100563999 /* SearchDetailViewModel.swift */,
			);
			path = "Search Detail";
			sourceTree = "<group>";
		};
		E98D5D46287AAAE600C39F5A /* Frameworks */ = {
			isa = PBXGroup;
			children = (
				E99798CE287AB26B00FB3751 /* Extensions.framework */,
				E98D5D47287AAAE600C39F5A /* Shared_Models.framework */,
			);
			name = Frameworks;
			sourceTree = "<group>";
		};
		E9927A862878B217001EA9BA = {
			isa = PBXGroup;
			children = (
				E9927A922878B217001EA9BA /* Search */,
				E9927A9E2878B217001EA9BA /* SearchTests */,
				E9927A912878B217001EA9BA /* Products */,
				E98D5D46287AAAE600C39F5A /* Frameworks */,
			);
			sourceTree = "<group>";
		};
		E9927A912878B217001EA9BA /* Products */ = {
			isa = PBXGroup;
			children = (
				E9927A902878B217001EA9BA /* Search.framework */,
				E9927A9A2878B217001EA9BA /* SearchTests.xctest */,
			);
			name = Products;
			sourceTree = "<group>";
		};
		E9927A922878B217001EA9BA /* Search */ = {
			isa = PBXGroup;
			children = (
				E9927AAA2878B21F001EA9BA /* Scenes */,
				E99798C9287AB05B00FB3751 /* Helpers */,
				E9363E4E287A1C7B00563999 /* Gateways */,
				E9EE4195287B4EC500D89135 /* Resources */,
				E9927A932878B217001EA9BA /* Search.h */,
				E9927A942878B217001EA9BA /* Search.docc */,
			);
			path = Search;
			sourceTree = "<group>";
		};
		E9927A9E2878B217001EA9BA /* SearchTests */ = {
			isa = PBXGroup;
			children = (
				E9927A9F2878B217001EA9BA /* SearchTests.swift */,
			);
			path = SearchTests;
			sourceTree = "<group>";
		};
		E9927AAA2878B21F001EA9BA /* Scenes */ = {
			isa = PBXGroup;
			children = (
				E9927AAB2878B225001EA9BA /* Search */,
				E9363E50287A1E4C00563999 /* Search Detail */,
			);
			path = Scenes;
			sourceTree = "<group>";
		};
		E9927AAB2878B225001EA9BA /* Search */ = {
			isa = PBXGroup;
			children = (
				E9927AAC2878B230001EA9BA /* SearchView.swift */,
				E9927AAE2878B23A001EA9BA /* SearchViewModel.swift */,
			);
			path = Search;
			sourceTree = "<group>";
		};
		E99798C9287AB05B00FB3751 /* Helpers */ = {
			isa = PBXGroup;
			children = (
				E99798CA287AB05B00FB3751 /* Keys.swift */,
				E99798CB287AB05B00FB3751 /* APIKey.swift */,
			);
			path = Helpers;
			sourceTree = "<group>";
		};
		E9EE4195287B4EC500D89135 /* Resources */ = {
			isa = PBXGroup;
			children = (
				E9EE41A9287B59E000D89135 /* Localizable.strings */,
			);
			path = Resources;
			sourceTree = "<group>";
		};
/* End PBXGroup section */

/* Begin PBXHeadersBuildPhase section */
		E9927A8B2878B217001EA9BA /* Headers */ = {
			isa = PBXHeadersBuildPhase;
			buildActionMask = 2147483647;
			files = (
				E9927AA12878B217001EA9BA /* Search.h in Headers */,
			);
			runOnlyForDeploymentPostprocessing = 0;
		};
/* End PBXHeadersBuildPhase section */

/* Begin PBXNativeTarget section */
		E9927A8F2878B217001EA9BA /* Search */ = {
			isa = PBXNativeTarget;
			buildConfigurationList = E9927AA42878B217001EA9BA /* Build configuration list for PBXNativeTarget "Search" */;
			buildPhases = (
				E9927A8B2878B217001EA9BA /* Headers */,
				E9927A8C2878B217001EA9BA /* Sources */,
				E9927A8D2878B217001EA9BA /* Frameworks */,
				E9927A8E2878B217001EA9BA /* Resources */,
				E98D5D4A287AAAE600C39F5A /* Embed Frameworks */,
			);
			buildRules = (
			);
			dependencies = (
			);
			name = Search;
			productName = Search;
			productReference = E9927A902878B217001EA9BA /* Search.framework */;
			productType = "com.apple.product-type.framework";
		};
		E9927A992878B217001EA9BA /* SearchTests */ = {
			isa = PBXNativeTarget;
			buildConfigurationList = E9927AA72878B217001EA9BA /* Build configuration list for PBXNativeTarget "SearchTests" */;
			buildPhases = (
				E9927A962878B217001EA9BA /* Sources */,
				E9927A972878B217001EA9BA /* Frameworks */,
				E9927A982878B217001EA9BA /* Resources */,
			);
			buildRules = (
			);
			dependencies = (
				E9927A9D2878B217001EA9BA /* PBXTargetDependency */,
			);
			name = SearchTests;
			productName = SearchTests;
			productReference = E9927A9A2878B217001EA9BA /* SearchTests.xctest */;
			productType = "com.apple.product-type.bundle.unit-test";
		};
/* End PBXNativeTarget section */

/* Begin PBXProject section */
		E9927A872878B217001EA9BA /* Project object */ = {
			isa = PBXProject;
			attributes = {
				BuildIndependentTargetsInParallel = 1;
				LastSwiftUpdateCheck = 1340;
				LastUpgradeCheck = 1340;
				TargetAttributes = {
					E9927A8F2878B217001EA9BA = {
						CreatedOnToolsVersion = 13.4.1;
					};
					E9927A992878B217001EA9BA = {
						CreatedOnToolsVersion = 13.4.1;
					};
				};
			};
			buildConfigurationList = E9927A8A2878B217001EA9BA /* Build configuration list for PBXProject "Search" */;
			compatibilityVersion = "Xcode 13.0";
			developmentRegion = en;
			hasScannedForEncodings = 0;
			knownRegions = (
				en,
				Base,
				es,
				bg,
			);
			mainGroup = E9927A862878B217001EA9BA;
			productRefGroup = E9927A912878B217001EA9BA /* Products */;
			projectDirPath = "";
			projectRoot = "";
			targets = (
				E9927A8F2878B217001EA9BA /* Search */,
				E9927A992878B217001EA9BA /* SearchTests */,
			);
		};
/* End PBXProject section */

/* Begin PBXResourcesBuildPhase section */
		E9927A8E2878B217001EA9BA /* Resources */ = {
			isa = PBXResourcesBuildPhase;
			buildActionMask = 2147483647;
			files = (
				E9EE41A7287B59E000D89135 /* Localizable.strings in Resources */,
			);
			runOnlyForDeploymentPostprocessing = 0;
		};
		E9927A982878B217001EA9BA /* Resources */ = {
			isa = PBXResourcesBuildPhase;
			buildActionMask = 2147483647;
			files = (
			);
			runOnlyForDeploymentPostprocessing = 0;
		};
/* End PBXResourcesBuildPhase section */

/* Begin PBXSourcesBuildPhase section */
		E9927A8C2878B217001EA9BA /* Sources */ = {
			isa = PBXSourcesBuildPhase;
			buildActionMask = 2147483647;
			files = (
				E99798C8287AB01700FB3751 /* SearchMovieNetworkGeteway.swift in Sources */,
				E9927AAF2878B23A001EA9BA /* SearchViewModel.swift in Sources */,
				E9363E52287A1E5F00563999 /* SearchDetailView.swift in Sources */,
				E9363E54287A1E7100563999 /* SearchDetailViewModel.swift in Sources */,
				E99798CD287AB05B00FB3751 /* APIKey.swift in Sources */,
				E9927AAD2878B230001EA9BA /* SearchView.swift in Sources */,
				E99798C6287AAFB700FB3751 /* SearchMovieGetewayParameters.swift in Sources */,
				E9927A952878B217001EA9BA /* Search.docc in Sources */,
				E99798CC287AB05B00FB3751 /* Keys.swift in Sources */,
				E99798C4287AAEC900FB3751 /* SearchMovieGateway.swift in Sources */,
			);
			runOnlyForDeploymentPostprocessing = 0;
		};
		E9927A962878B217001EA9BA /* Sources */ = {
			isa = PBXSourcesBuildPhase;
			buildActionMask = 2147483647;
			files = (
				E9927AA02878B217001EA9BA /* SearchTests.swift in Sources */,
			);
			runOnlyForDeploymentPostprocessing = 0;
		};
/* End PBXSourcesBuildPhase section */

/* Begin PBXTargetDependency section */
		E9927A9D2878B217001EA9BA /* PBXTargetDependency */ = {
			isa = PBXTargetDependency;
			target = E9927A8F2878B217001EA9BA /* Search */;
			targetProxy = E9927A9C2878B217001EA9BA /* PBXContainerItemProxy */;
		};
/* End PBXTargetDependency section */

/* Begin PBXVariantGroup section */
		E9EE41A9287B59E000D89135 /* Localizable.strings */ = {
			isa = PBXVariantGroup;
			children = (
				E9EE41A8287B59E000D89135 /* en */,
				E9EE41AA287B59E200D89135 /* bg */,
				E9EE41AB287B59E600D89135 /* es */,
			);
			name = Localizable.strings;
			sourceTree = "<group>";
		};
/* End PBXVariantGroup section */

/* Begin XCBuildConfiguration section */
		E9927AA22878B217001EA9BA /* Debug */ = {
			isa = XCBuildConfiguration;
			buildSettings = {
				ALWAYS_SEARCH_USER_PATHS = NO;
				CLANG_ANALYZER_LOCALIZABILITY_NONLOCALIZED = YES;
				CLANG_ANALYZER_NONNULL = YES;
				CLANG_ANALYZER_NUMBER_OBJECT_CONVERSION = YES_AGGRESSIVE;
				CLANG_CXX_LANGUAGE_STANDARD = "gnu++17";
				CLANG_ENABLE_MODULES = YES;
				CLANG_ENABLE_OBJC_ARC = YES;
				CLANG_ENABLE_OBJC_WEAK = YES;
				CLANG_WARN_BLOCK_CAPTURE_AUTORELEASING = YES;
				CLANG_WARN_BOOL_CONVERSION = YES;
				CLANG_WARN_COMMA = YES;
				CLANG_WARN_CONSTANT_CONVERSION = YES;
				CLANG_WARN_DEPRECATED_OBJC_IMPLEMENTATIONS = YES;
				CLANG_WARN_DIRECT_OBJC_ISA_USAGE = YES_ERROR;
				CLANG_WARN_DOCUMENTATION_COMMENTS = YES;
				CLANG_WARN_EMPTY_BODY = YES;
				CLANG_WARN_ENUM_CONVERSION = YES;
				CLANG_WARN_INFINITE_RECURSION = YES;
				CLANG_WARN_INT_CONVERSION = YES;
				CLANG_WARN_NON_LITERAL_NULL_CONVERSION = YES;
				CLANG_WARN_OBJC_IMPLICIT_RETAIN_SELF = YES;
				CLANG_WARN_OBJC_LITERAL_CONVERSION = YES;
				CLANG_WARN_OBJC_ROOT_CLASS = YES_ERROR;
				CLANG_WARN_QUOTED_INCLUDE_IN_FRAMEWORK_HEADER = YES;
				CLANG_WARN_RANGE_LOOP_ANALYSIS = YES;
				CLANG_WARN_STRICT_PROTOTYPES = YES;
				CLANG_WARN_SUSPICIOUS_MOVE = YES;
				CLANG_WARN_UNGUARDED_AVAILABILITY = YES_AGGRESSIVE;
				CLANG_WARN_UNREACHABLE_CODE = YES;
				CLANG_WARN__DUPLICATE_METHOD_MATCH = YES;
				COPY_PHASE_STRIP = NO;
				CURRENT_PROJECT_VERSION = 1;
				DEBUG_INFORMATION_FORMAT = dwarf;
				ENABLE_STRICT_OBJC_MSGSEND = YES;
				ENABLE_TESTABILITY = YES;
				GCC_C_LANGUAGE_STANDARD = gnu11;
				GCC_DYNAMIC_NO_PIC = NO;
				GCC_NO_COMMON_BLOCKS = YES;
				GCC_OPTIMIZATION_LEVEL = 0;
				GCC_PREPROCESSOR_DEFINITIONS = (
					"DEBUG=1",
					"$(inherited)",
				);
				GCC_WARN_64_TO_32_BIT_CONVERSION = YES;
				GCC_WARN_ABOUT_RETURN_TYPE = YES_ERROR;
				GCC_WARN_UNDECLARED_SELECTOR = YES;
				GCC_WARN_UNINITIALIZED_AUTOS = YES_AGGRESSIVE;
				GCC_WARN_UNUSED_FUNCTION = YES;
				GCC_WARN_UNUSED_VARIABLE = YES;
				IPHONEOS_DEPLOYMENT_TARGET = 15.5;
				MTL_ENABLE_DEBUG_INFO = INCLUDE_SOURCE;
				MTL_FAST_MATH = YES;
				ONLY_ACTIVE_ARCH = YES;
				SDKROOT = iphoneos;
				SWIFT_ACTIVE_COMPILATION_CONDITIONS = DEBUG;
				SWIFT_OPTIMIZATION_LEVEL = "-Onone";
				VERSIONING_SYSTEM = "apple-generic";
				VERSION_INFO_PREFIX = "";
			};
			name = Debug;
		};
		E9927AA32878B217001EA9BA /* Release */ = {
			isa = XCBuildConfiguration;
			buildSettings = {
				ALWAYS_SEARCH_USER_PATHS = NO;
				CLANG_ANALYZER_LOCALIZABILITY_NONLOCALIZED = YES;
				CLANG_ANALYZER_NONNULL = YES;
				CLANG_ANALYZER_NUMBER_OBJECT_CONVERSION = YES_AGGRESSIVE;
				CLANG_CXX_LANGUAGE_STANDARD = "gnu++17";
				CLANG_ENABLE_MODULES = YES;
				CLANG_ENABLE_OBJC_ARC = YES;
				CLANG_ENABLE_OBJC_WEAK = YES;
				CLANG_WARN_BLOCK_CAPTURE_AUTORELEASING = YES;
				CLANG_WARN_BOOL_CONVERSION = YES;
				CLANG_WARN_COMMA = YES;
				CLANG_WARN_CONSTANT_CONVERSION = YES;
				CLANG_WARN_DEPRECATED_OBJC_IMPLEMENTATIONS = YES;
				CLANG_WARN_DIRECT_OBJC_ISA_USAGE = YES_ERROR;
				CLANG_WARN_DOCUMENTATION_COMMENTS = YES;
				CLANG_WARN_EMPTY_BODY = YES;
				CLANG_WARN_ENUM_CONVERSION = YES;
				CLANG_WARN_INFINITE_RECURSION = YES;
				CLANG_WARN_INT_CONVERSION = YES;
				CLANG_WARN_NON_LITERAL_NULL_CONVERSION = YES;
				CLANG_WARN_OBJC_IMPLICIT_RETAIN_SELF = YES;
				CLANG_WARN_OBJC_LITERAL_CONVERSION = YES;
				CLANG_WARN_OBJC_ROOT_CLASS = YES_ERROR;
				CLANG_WARN_QUOTED_INCLUDE_IN_FRAMEWORK_HEADER = YES;
				CLANG_WARN_RANGE_LOOP_ANALYSIS = YES;
				CLANG_WARN_STRICT_PROTOTYPES = YES;
				CLANG_WARN_SUSPICIOUS_MOVE = YES;
				CLANG_WARN_UNGUARDED_AVAILABILITY = YES_AGGRESSIVE;
				CLANG_WARN_UNREACHABLE_CODE = YES;
				CLANG_WARN__DUPLICATE_METHOD_MATCH = YES;
				COPY_PHASE_STRIP = NO;
				CURRENT_PROJECT_VERSION = 1;
				DEBUG_INFORMATION_FORMAT = "dwarf-with-dsym";
				ENABLE_NS_ASSERTIONS = NO;
				ENABLE_STRICT_OBJC_MSGSEND = YES;
				GCC_C_LANGUAGE_STANDARD = gnu11;
				GCC_NO_COMMON_BLOCKS = YES;
				GCC_WARN_64_TO_32_BIT_CONVERSION = YES;
				GCC_WARN_ABOUT_RETURN_TYPE = YES_ERROR;
				GCC_WARN_UNDECLARED_SELECTOR = YES;
				GCC_WARN_UNINITIALIZED_AUTOS = YES_AGGRESSIVE;
				GCC_WARN_UNUSED_FUNCTION = YES;
				GCC_WARN_UNUSED_VARIABLE = YES;
				IPHONEOS_DEPLOYMENT_TARGET = 15.5;
				MTL_ENABLE_DEBUG_INFO = NO;
				MTL_FAST_MATH = YES;
				SDKROOT = iphoneos;
				SWIFT_COMPILATION_MODE = wholemodule;
				SWIFT_OPTIMIZATION_LEVEL = "-O";
				VALIDATE_PRODUCT = YES;
				VERSIONING_SYSTEM = "apple-generic";
				VERSION_INFO_PREFIX = "";
			};
			name = Release;
		};
		E9927AA52878B217001EA9BA /* Debug */ = {
			isa = XCBuildConfiguration;
			buildSettings = {
				CODE_SIGN_STYLE = Automatic;
				CURRENT_PROJECT_VERSION = 1;
				DEFINES_MODULE = YES;
				DYLIB_COMPATIBILITY_VERSION = 1;
				DYLIB_CURRENT_VERSION = 1;
				DYLIB_INSTALL_NAME_BASE = "@rpath";
				GENERATE_INFOPLIST_FILE = YES;
				INFOPLIST_KEY_NSHumanReadableCopyright = "";
				INSTALL_PATH = "$(LOCAL_LIBRARY_DIR)/Frameworks";
				LD_RUNPATH_SEARCH_PATHS = (
					"$(inherited)",
					"@executable_path/Frameworks",
					"@loader_path/Frameworks",
				);
				MARKETING_VERSION = 1.0;
				PRODUCT_BUNDLE_IDENTIFIER = com.movies.Search;
				PRODUCT_NAME = "$(TARGET_NAME:c99extidentifier)";
				SKIP_INSTALL = YES;
				SWIFT_EMIT_LOC_STRINGS = YES;
				SWIFT_VERSION = 5.0;
				TARGETED_DEVICE_FAMILY = "1,2";
			};
			name = Debug;
		};
		E9927AA62878B217001EA9BA /* Release */ = {
			isa = XCBuildConfiguration;
			buildSettings = {
				CODE_SIGN_STYLE = Automatic;
				CURRENT_PROJECT_VERSION = 1;
				DEFINES_MODULE = YES;
				DYLIB_COMPATIBILITY_VERSION = 1;
				DYLIB_CURRENT_VERSION = 1;
				DYLIB_INSTALL_NAME_BASE = "@rpath";
				GENERATE_INFOPLIST_FILE = YES;
				INFOPLIST_KEY_NSHumanReadableCopyright = "";
				INSTALL_PATH = "$(LOCAL_LIBRARY_DIR)/Frameworks";
				LD_RUNPATH_SEARCH_PATHS = (
					"$(inherited)",
					"@executable_path/Frameworks",
					"@loader_path/Frameworks",
				);
				MARKETING_VERSION = 1.0;
				PRODUCT_BUNDLE_IDENTIFIER = com.movies.Search;
				PRODUCT_NAME = "$(TARGET_NAME:c99extidentifier)";
				SKIP_INSTALL = YES;
				SWIFT_EMIT_LOC_STRINGS = YES;
				SWIFT_VERSION = 5.0;
				TARGETED_DEVICE_FAMILY = "1,2";
			};
			name = Release;
		};
		E9927AA82878B217001EA9BA /* Debug */ = {
			isa = XCBuildConfiguration;
			buildSettings = {
				ALWAYS_EMBED_SWIFT_STANDARD_LIBRARIES = YES;
				CODE_SIGN_STYLE = Automatic;
				CURRENT_PROJECT_VERSION = 1;
				GENERATE_INFOPLIST_FILE = YES;
				MARKETING_VERSION = 1.0;
				PRODUCT_BUNDLE_IDENTIFIER = com.movies.SearchTests;
				PRODUCT_NAME = "$(TARGET_NAME)";
				SWIFT_EMIT_LOC_STRINGS = NO;
				SWIFT_VERSION = 5.0;
				TARGETED_DEVICE_FAMILY = "1,2";
			};
			name = Debug;
		};
		E9927AA92878B217001EA9BA /* Release */ = {
			isa = XCBuildConfiguration;
			buildSettings = {
				ALWAYS_EMBED_SWIFT_STANDARD_LIBRARIES = YES;
				CODE_SIGN_STYLE = Automatic;
				CURRENT_PROJECT_VERSION = 1;
				GENERATE_INFOPLIST_FILE = YES;
				MARKETING_VERSION = 1.0;
				PRODUCT_BUNDLE_IDENTIFIER = com.movies.SearchTests;
				PRODUCT_NAME = "$(TARGET_NAME)";
				SWIFT_EMIT_LOC_STRINGS = NO;
				SWIFT_VERSION = 5.0;
				TARGETED_DEVICE_FAMILY = "1,2";
			};
			name = Release;
		};
/* End XCBuildConfiguration section */

/* Begin XCConfigurationList section */
		E9927A8A2878B217001EA9BA /* Build configuration list for PBXProject "Search" */ = {
			isa = XCConfigurationList;
			buildConfigurations = (
				E9927AA22878B217001EA9BA /* Debug */,
				E9927AA32878B217001EA9BA /* Release */,
			);
			defaultConfigurationIsVisible = 0;
			defaultConfigurationName = Release;
		};
		E9927AA42878B217001EA9BA /* Build configuration list for PBXNativeTarget "Search" */ = {
			isa = XCConfigurationList;
			buildConfigurations = (
				E9927AA52878B217001EA9BA /* Debug */,
				E9927AA62878B217001EA9BA /* Release */,
			);
			defaultConfigurationIsVisible = 0;
			defaultConfigurationName = Release;
		};
		E9927AA72878B217001EA9BA /* Build configuration list for PBXNativeTarget "SearchTests" */ = {
			isa = XCConfigurationList;
			buildConfigurations = (
				E9927AA82878B217001EA9BA /* Debug */,
				E9927AA92878B217001EA9BA /* Release */,
			);
			defaultConfigurationIsVisible = 0;
			defaultConfigurationName = Release;
		};
/* End XCConfigurationList section */
	};
	rootObject = E9927A872878B217001EA9BA /* Project object */;
}
