// !$*UTF8*$!
{
	archiveVersion = 1;
	classes = {
	};
	objectVersion = 55;
	objects = {

/* Begin PBXBuildFile section */
		E9363DD72879673E00563999 /* Keys.swift in Sources */ = {isa = PBXBuildFile; fileRef = E9363DD62879673E00563999 /* Keys.swift */; };
		E9363DDB2879694400563999 /* APIKey.swift in Sources */ = {isa = PBXBuildFile; fileRef = E9363DDA2879694400563999 /* APIKey.swift */; };
		E942C9032879599B008F6D68 /* RxCocoa in Frameworks */ = {isa = PBXBuildFile; productRef = E942C9022879599B008F6D68 /* RxCocoa */; };
		E942C9052879599B008F6D68 /* RxSwift in Frameworks */ = {isa = PBXBuildFile; productRef = E942C9042879599B008F6D68 /* RxSwift */; };
		E942C908287959B4008F6D68 /* FluentUI in Frameworks */ = {isa = PBXBuildFile; productRef = E942C907287959B4008F6D68 /* FluentUI */; };
		E9927AB22878B27F001EA9BA /* Search.framework in Frameworks */ = {isa = PBXBuildFile; fileRef = E9927AB12878B27F001EA9BA /* Search.framework */; };
		E9927AB32878B27F001EA9BA /* Search.framework in Embed Frameworks */ = {isa = PBXBuildFile; fileRef = E9927AB12878B27F001EA9BA /* Search.framework */; settings = {ATTRIBUTES = (CodeSignOnCopy, RemoveHeadersOnCopy, ); }; };
		E99654152878A68100ACA39B /* HomeFactory.swift in Sources */ = {isa = PBXBuildFile; fileRef = E99654142878A68100ACA39B /* HomeFactory.swift */; };
		E99654172878A6A200ACA39B /* HomePresenter.swift in Sources */ = {isa = PBXBuildFile; fileRef = E99654162878A6A200ACA39B /* HomePresenter.swift */; };
		E99654192878A6C000ACA39B /* HomeModel.swift in Sources */ = {isa = PBXBuildFile; fileRef = E99654182878A6C000ACA39B /* HomeModel.swift */; };
		E996541B2878A6D600ACA39B /* HomeRouter.swift in Sources */ = {isa = PBXBuildFile; fileRef = E996541A2878A6D600ACA39B /* HomeRouter.swift */; };
		E996541D2878A6EE00ACA39B /* HomeInterface.swift in Sources */ = {isa = PBXBuildFile; fileRef = E996541C2878A6EE00ACA39B /* HomeInterface.swift */; };
		E996541F2878A6FF00ACA39B /* HomeInteractor.swift in Sources */ = {isa = PBXBuildFile; fileRef = E996541E2878A6FF00ACA39B /* HomeInteractor.swift */; };
		E99EABB328789D95006BD772 /* AppDelegate.swift in Sources */ = {isa = PBXBuildFile; fileRef = E99EABB228789D95006BD772 /* AppDelegate.swift */; };
		E99EABB528789D95006BD772 /* SceneDelegate.swift in Sources */ = {isa = PBXBuildFile; fileRef = E99EABB428789D95006BD772 /* SceneDelegate.swift */; };
		E99EABB728789D95006BD772 /* HomeViewController.swift in Sources */ = {isa = PBXBuildFile; fileRef = E99EABB628789D95006BD772 /* HomeViewController.swift */; };
		E99EABBD28789D95006BD772 /* Movies.xcdatamodeld in Sources */ = {isa = PBXBuildFile; fileRef = E99EABBB28789D95006BD772 /* Movies.xcdatamodeld */; };
		E99EABBF28789D97006BD772 /* Assets.xcassets in Resources */ = {isa = PBXBuildFile; fileRef = E99EABBE28789D97006BD772 /* Assets.xcassets */; };
		E99EABC228789D97006BD772 /* LaunchScreen.storyboard in Resources */ = {isa = PBXBuildFile; fileRef = E99EABC028789D97006BD772 /* LaunchScreen.storyboard */; };
		E99EABCD28789D98006BD772 /* MoviesTests.swift in Sources */ = {isa = PBXBuildFile; fileRef = E99EABCC28789D98006BD772 /* MoviesTests.swift */; };
		E99EABD728789D98006BD772 /* MoviesUITests.swift in Sources */ = {isa = PBXBuildFile; fileRef = E99EABD628789D98006BD772 /* MoviesUITests.swift */; };
		E99EABD928789D98006BD772 /* MoviesUITestsLaunchTests.swift in Sources */ = {isa = PBXBuildFile; fileRef = E99EABD828789D98006BD772 /* MoviesUITestsLaunchTests.swift */; };
/* End PBXBuildFile section */

/* Begin PBXContainerItemProxy section */
		E99EABC928789D98006BD772 /* PBXContainerItemProxy */ = {
			isa = PBXContainerItemProxy;
			containerPortal = E99EABA728789D95006BD772 /* Project object */;
			proxyType = 1;
			remoteGlobalIDString = E99EABAE28789D95006BD772;
			remoteInfo = Movies;
		};
		E99EABD328789D98006BD772 /* PBXContainerItemProxy */ = {
			isa = PBXContainerItemProxy;
			containerPortal = E99EABA728789D95006BD772 /* Project object */;
			proxyType = 1;
			remoteGlobalIDString = E99EABAE28789D95006BD772;
			remoteInfo = Movies;
		};
/* End PBXContainerItemProxy section */

/* Begin PBXCopyFilesBuildPhase section */
		E9927AB42878B27F001EA9BA /* Embed Frameworks */ = {
			isa = PBXCopyFilesBuildPhase;
			buildActionMask = 2147483647;
			dstPath = "";
			dstSubfolderSpec = 10;
			files = (
				E9927AB32878B27F001EA9BA /* Search.framework in Embed Frameworks */,
			);
			name = "Embed Frameworks";
			runOnlyForDeploymentPostprocessing = 0;
		};
/* End PBXCopyFilesBuildPhase section */

/* Begin PBXFileReference section */
		E9363DD62879673E00563999 /* Keys.swift */ = {isa = PBXFileReference; lastKnownFileType = sourcecode.swift; path = Keys.swift; sourceTree = "<group>"; };
		E9363DDA2879694400563999 /* APIKey.swift */ = {isa = PBXFileReference; fileEncoding = 4; lastKnownFileType = sourcecode.swift; path = APIKey.swift; sourceTree = "<group>"; };
		E9927AB12878B27F001EA9BA /* Search.framework */ = {isa = PBXFileReference; explicitFileType = wrapper.framework; path = Search.framework; sourceTree = BUILT_PRODUCTS_DIR; };
		E99654142878A68100ACA39B /* HomeFactory.swift */ = {isa = PBXFileReference; lastKnownFileType = sourcecode.swift; path = HomeFactory.swift; sourceTree = "<group>"; };
		E99654162878A6A200ACA39B /* HomePresenter.swift */ = {isa = PBXFileReference; lastKnownFileType = sourcecode.swift; path = HomePresenter.swift; sourceTree = "<group>"; };
		E99654182878A6C000ACA39B /* HomeModel.swift */ = {isa = PBXFileReference; lastKnownFileType = sourcecode.swift; path = HomeModel.swift; sourceTree = "<group>"; };
		E996541A2878A6D600ACA39B /* HomeRouter.swift */ = {isa = PBXFileReference; lastKnownFileType = sourcecode.swift; path = HomeRouter.swift; sourceTree = "<group>"; };
		E996541C2878A6EE00ACA39B /* HomeInterface.swift */ = {isa = PBXFileReference; lastKnownFileType = sourcecode.swift; path = HomeInterface.swift; sourceTree = "<group>"; };
		E996541E2878A6FF00ACA39B /* HomeInteractor.swift */ = {isa = PBXFileReference; lastKnownFileType = sourcecode.swift; path = HomeInteractor.swift; sourceTree = "<group>"; };
		E99EABAF28789D95006BD772 /* Movies.app */ = {isa = PBXFileReference; explicitFileType = wrapper.application; includeInIndex = 0; path = Movies.app; sourceTree = BUILT_PRODUCTS_DIR; };
		E99EABB228789D95006BD772 /* AppDelegate.swift */ = {isa = PBXFileReference; lastKnownFileType = sourcecode.swift; path = AppDelegate.swift; sourceTree = "<group>"; };
		E99EABB428789D95006BD772 /* SceneDelegate.swift */ = {isa = PBXFileReference; lastKnownFileType = sourcecode.swift; path = SceneDelegate.swift; sourceTree = "<group>"; };
		E99EABB628789D95006BD772 /* HomeViewController.swift */ = {isa = PBXFileReference; lastKnownFileType = sourcecode.swift; path = HomeViewController.swift; sourceTree = "<group>"; };
		E99EABBC28789D95006BD772 /* Movies.xcdatamodel */ = {isa = PBXFileReference; lastKnownFileType = wrapper.xcdatamodel; path = Movies.xcdatamodel; sourceTree = "<group>"; };
		E99EABBE28789D97006BD772 /* Assets.xcassets */ = {isa = PBXFileReference; lastKnownFileType = folder.assetcatalog; path = Assets.xcassets; sourceTree = "<group>"; };
		E99EABC128789D97006BD772 /* Base */ = {isa = PBXFileReference; lastKnownFileType = file.storyboard; name = Base; path = Base.lproj/LaunchScreen.storyboard; sourceTree = "<group>"; };
		E99EABC328789D97006BD772 /* Info.plist */ = {isa = PBXFileReference; lastKnownFileType = text.plist.xml; path = Info.plist; sourceTree = "<group>"; };
		E99EABC828789D98006BD772 /* MoviesTests.xctest */ = {isa = PBXFileReference; explicitFileType = wrapper.cfbundle; includeInIndex = 0; path = MoviesTests.xctest; sourceTree = BUILT_PRODUCTS_DIR; };
		E99EABCC28789D98006BD772 /* MoviesTests.swift */ = {isa = PBXFileReference; lastKnownFileType = sourcecode.swift; path = MoviesTests.swift; sourceTree = "<group>"; };
		E99EABD228789D98006BD772 /* MoviesUITests.xctest */ = {isa = PBXFileReference; explicitFileType = wrapper.cfbundle; includeInIndex = 0; path = MoviesUITests.xctest; sourceTree = BUILT_PRODUCTS_DIR; };
		E99EABD628789D98006BD772 /* MoviesUITests.swift */ = {isa = PBXFileReference; lastKnownFileType = sourcecode.swift; path = MoviesUITests.swift; sourceTree = "<group>"; };
		E99EABD828789D98006BD772 /* MoviesUITestsLaunchTests.swift */ = {isa = PBXFileReference; lastKnownFileType = sourcecode.swift; path = MoviesUITestsLaunchTests.swift; sourceTree = "<group>"; };
/* End PBXFileReference section */

/* Begin PBXFrameworksBuildPhase section */
		E99EABAC28789D95006BD772 /* Frameworks */ = {
			isa = PBXFrameworksBuildPhase;
			buildActionMask = 2147483647;
			files = (
				E942C908287959B4008F6D68 /* FluentUI in Frameworks */,
				E942C9052879599B008F6D68 /* RxSwift in Frameworks */,
				E942C9032879599B008F6D68 /* RxCocoa in Frameworks */,
				E9927AB22878B27F001EA9BA /* Search.framework in Frameworks */,
			);
			runOnlyForDeploymentPostprocessing = 0;
		};
		E99EABC528789D98006BD772 /* Frameworks */ = {
			isa = PBXFrameworksBuildPhase;
			buildActionMask = 2147483647;
			files = (
			);
			runOnlyForDeploymentPostprocessing = 0;
		};
		E99EABCF28789D98006BD772 /* Frameworks */ = {
			isa = PBXFrameworksBuildPhase;
			buildActionMask = 2147483647;
			files = (
			);
			runOnlyForDeploymentPostprocessing = 0;
		};
/* End PBXFrameworksBuildPhase section */

/* Begin PBXGroup section */
		E9363DD2287966FF00563999 /* Gateways */ = {
			isa = PBXGroup;
			children = (
			);
			path = Gateways;
			sourceTree = "<group>";
		};
		E9363DD32879670400563999 /* Services and Managers */ = {
			isa = PBXGroup;
			children = (
				E9363DD42879672500563999 /* Storage Services */,
			);
			path = "Services and Managers";
			sourceTree = "<group>";
		};
		E9363DD42879672500563999 /* Storage Services */ = {
			isa = PBXGroup;
			children = (
			);
			path = "Storage Services";
			sourceTree = "<group>";
		};
		E9363DD52879673400563999 /* Helpers */ = {
			isa = PBXGroup;
			children = (
				E9363DD62879673E00563999 /* Keys.swift */,
				E9363DDA2879694400563999 /* APIKey.swift */,
			);
			path = Helpers;
			sourceTree = "<group>";
		};
		E9927AB02878B27F001EA9BA /* Frameworks */ = {
			isa = PBXGroup;
			children = (
				E9927AB12878B27F001EA9BA /* Search.framework */,
			);
			name = Frameworks;
			sourceTree = "<group>";
		};
		E99654132878A61600ACA39B /* Home */ = {
			isa = PBXGroup;
			children = (
				E99654142878A68100ACA39B /* HomeFactory.swift */,
				E99654182878A6C000ACA39B /* HomeModel.swift */,
				E99654162878A6A200ACA39B /* HomePresenter.swift */,
				E996541A2878A6D600ACA39B /* HomeRouter.swift */,
				E996541C2878A6EE00ACA39B /* HomeInterface.swift */,
				E99EABB628789D95006BD772 /* HomeViewController.swift */,
				E996541E2878A6FF00ACA39B /* HomeInteractor.swift */,
			);
			path = Home;
			sourceTree = "<group>";
		};
		E99EABA628789D95006BD772 = {
			isa = PBXGroup;
			children = (
				E99EABB128789D95006BD772 /* Movies */,
				E99EABCB28789D98006BD772 /* MoviesTests */,
				E99EABD528789D98006BD772 /* MoviesUITests */,
				E99EABB028789D95006BD772 /* Products */,
				E9927AB02878B27F001EA9BA /* Frameworks */,
			);
			sourceTree = "<group>";
		};
		E99EABB028789D95006BD772 /* Products */ = {
			isa = PBXGroup;
			children = (
				E99EABAF28789D95006BD772 /* Movies.app */,
				E99EABC828789D98006BD772 /* MoviesTests.xctest */,
				E99EABD228789D98006BD772 /* MoviesUITests.xctest */,
			);
			name = Products;
			sourceTree = "<group>";
		};
		E99EABB128789D95006BD772 /* Movies */ = {
			isa = PBXGroup;
			children = (
				E99EABE528789DEB006BD772 /* App Info */,
				E99EABE728789E33006BD772 /* App Control */,
				E99EABE828789E3E006BD772 /* Scenes */,
				E99EABEA28789E6C006BD772 /* Resources */,
				E9363DD2287966FF00563999 /* Gateways */,
				E9363DD32879670400563999 /* Services and Managers */,
				E9363DD52879673400563999 /* Helpers */,
			);
			path = Movies;
			sourceTree = "<group>";
		};
		E99EABCB28789D98006BD772 /* MoviesTests */ = {
			isa = PBXGroup;
			children = (
				E99EABCC28789D98006BD772 /* MoviesTests.swift */,
			);
			path = MoviesTests;
			sourceTree = "<group>";
		};
		E99EABD528789D98006BD772 /* MoviesUITests */ = {
			isa = PBXGroup;
			children = (
				E99EABD628789D98006BD772 /* MoviesUITests.swift */,
				E99EABD828789D98006BD772 /* MoviesUITestsLaunchTests.swift */,
			);
			path = MoviesUITests;
			sourceTree = "<group>";
		};
		E99EABE528789DEB006BD772 /* App Info */ = {
			isa = PBXGroup;
			children = (
				E99EABC328789D97006BD772 /* Info.plist */,
			);
			path = "App Info";
			sourceTree = "<group>";
		};
		E99EABE728789E33006BD772 /* App Control */ = {
			isa = PBXGroup;
			children = (
				E99EABB228789D95006BD772 /* AppDelegate.swift */,
				E99EABB428789D95006BD772 /* SceneDelegate.swift */,
			);
			path = "App Control";
			sourceTree = "<group>";
		};
		E99EABE828789E3E006BD772 /* Scenes */ = {
			isa = PBXGroup;
			children = (
				E99EABE928789E53006BD772 /* Launch Screen */,
				E99654132878A61600ACA39B /* Home */,
			);
			path = Scenes;
			sourceTree = "<group>";
		};
		E99EABE928789E53006BD772 /* Launch Screen */ = {
			isa = PBXGroup;
			children = (
				E99EABC028789D97006BD772 /* LaunchScreen.storyboard */,
			);
			path = "Launch Screen";
			sourceTree = "<group>";
		};
		E99EABEA28789E6C006BD772 /* Resources */ = {
			isa = PBXGroup;
			children = (
				E99EABBE28789D97006BD772 /* Assets.xcassets */,
				E99EABBB28789D95006BD772 /* Movies.xcdatamodeld */,
			);
			path = Resources;
			sourceTree = "<group>";
		};
/* End PBXGroup section */

/* Begin PBXNativeTarget section */
		E99EABAE28789D95006BD772 /* Movies */ = {
			isa = PBXNativeTarget;
			buildConfigurationList = E99EABDC28789D98006BD772 /* Build configuration list for PBXNativeTarget "Movies" */;
			buildPhases = (
				E99EABAB28789D95006BD772 /* Sources */,
				E99EABAC28789D95006BD772 /* Frameworks */,
				E99EABAD28789D95006BD772 /* Resources */,
				E9927AB42878B27F001EA9BA /* Embed Frameworks */,
			);
			buildRules = (
			);
			dependencies = (
			);
			name = Movies;
			packageProductDependencies = (
				E942C9022879599B008F6D68 /* RxCocoa */,
				E942C9042879599B008F6D68 /* RxSwift */,
				E942C907287959B4008F6D68 /* FluentUI */,
			);
			productName = Movies;
			productReference = E99EABAF28789D95006BD772 /* Movies.app */;
			productType = "com.apple.product-type.application";
		};
		E99EABC728789D98006BD772 /* MoviesTests */ = {
			isa = PBXNativeTarget;
			buildConfigurationList = E99EABDF28789D98006BD772 /* Build configuration list for PBXNativeTarget "MoviesTests" */;
			buildPhases = (
				E99EABC428789D98006BD772 /* Sources */,
				E99EABC528789D98006BD772 /* Frameworks */,
				E99EABC628789D98006BD772 /* Resources */,
			);
			buildRules = (
			);
			dependencies = (
				E99EABCA28789D98006BD772 /* PBXTargetDependency */,
			);
			name = MoviesTests;
			productName = MoviesTests;
			productReference = E99EABC828789D98006BD772 /* MoviesTests.xctest */;
			productType = "com.apple.product-type.bundle.unit-test";
		};
		E99EABD128789D98006BD772 /* MoviesUITests */ = {
			isa = PBXNativeTarget;
			buildConfigurationList = E99EABE228789D98006BD772 /* Build configuration list for PBXNativeTarget "MoviesUITests" */;
			buildPhases = (
				E99EABCE28789D98006BD772 /* Sources */,
				E99EABCF28789D98006BD772 /* Frameworks */,
				E99EABD028789D98006BD772 /* Resources */,
			);
			buildRules = (
			);
			dependencies = (
				E99EABD428789D98006BD772 /* PBXTargetDependency */,
			);
			name = MoviesUITests;
			productName = MoviesUITests;
			productReference = E99EABD228789D98006BD772 /* MoviesUITests.xctest */;
			productType = "com.apple.product-type.bundle.ui-testing";
		};
/* End PBXNativeTarget section */

/* Begin PBXProject section */
		E99EABA728789D95006BD772 /* Project object */ = {
			isa = PBXProject;
			attributes = {
				BuildIndependentTargetsInParallel = 1;
				LastSwiftUpdateCheck = 1340;
				LastUpgradeCheck = 1340;
				TargetAttributes = {
					E99EABAE28789D95006BD772 = {
						CreatedOnToolsVersion = 13.4.1;
					};
					E99EABC728789D98006BD772 = {
						CreatedOnToolsVersion = 13.4.1;
						TestTargetID = E99EABAE28789D95006BD772;
					};
					E99EABD128789D98006BD772 = {
						CreatedOnToolsVersion = 13.4.1;
						TestTargetID = E99EABAE28789D95006BD772;
					};
				};
			};
			buildConfigurationList = E99EABAA28789D95006BD772 /* Build configuration list for PBXProject "Movies" */;
			compatibilityVersion = "Xcode 13.0";
			developmentRegion = en;
			hasScannedForEncodings = 0;
			knownRegions = (
				en,
				Base,
			);
			mainGroup = E99EABA628789D95006BD772;
			packageReferences = (
				E942C9012879599B008F6D68 /* XCRemoteSwiftPackageReference "RxSwift" */,
				E942C906287959B4008F6D68 /* XCRemoteSwiftPackageReference "fluentui-apple" */,
			);
			productRefGroup = E99EABB028789D95006BD772 /* Products */;
			projectDirPath = "";
			projectRoot = "";
			targets = (
				E99EABAE28789D95006BD772 /* Movies */,
				E99EABC728789D98006BD772 /* MoviesTests */,
				E99EABD128789D98006BD772 /* MoviesUITests */,
			);
		};
/* End PBXProject section */

/* Begin PBXResourcesBuildPhase section */
		E99EABAD28789D95006BD772 /* Resources */ = {
			isa = PBXResourcesBuildPhase;
			buildActionMask = 2147483647;
			files = (
				E99EABC228789D97006BD772 /* LaunchScreen.storyboard in Resources */,
				E99EABBF28789D97006BD772 /* Assets.xcassets in Resources */,
			);
			runOnlyForDeploymentPostprocessing = 0;
		};
		E99EABC628789D98006BD772 /* Resources */ = {
			isa = PBXResourcesBuildPhase;
			buildActionMask = 2147483647;
			files = (
			);
			runOnlyForDeploymentPostprocessing = 0;
		};
		E99EABD028789D98006BD772 /* Resources */ = {
			isa = PBXResourcesBuildPhase;
			buildActionMask = 2147483647;
			files = (
			);
			runOnlyForDeploymentPostprocessing = 0;
		};
/* End PBXResourcesBuildPhase section */

/* Begin PBXSourcesBuildPhase section */
		E99EABAB28789D95006BD772 /* Sources */ = {
			isa = PBXSourcesBuildPhase;
			buildActionMask = 2147483647;
			files = (
				E99EABB728789D95006BD772 /* HomeViewController.swift in Sources */,
				E99654152878A68100ACA39B /* HomeFactory.swift in Sources */,
				E99EABB328789D95006BD772 /* AppDelegate.swift in Sources */,
				E996541F2878A6FF00ACA39B /* HomeInteractor.swift in Sources */,
				E9363DD72879673E00563999 /* Keys.swift in Sources */,
				E996541D2878A6EE00ACA39B /* HomeInterface.swift in Sources */,
				E99654192878A6C000ACA39B /* HomeModel.swift in Sources */,
				E99654172878A6A200ACA39B /* HomePresenter.swift in Sources */,
				E996541B2878A6D600ACA39B /* HomeRouter.swift in Sources */,
				E99EABBD28789D95006BD772 /* Movies.xcdatamodeld in Sources */,
				E9363DDB2879694400563999 /* APIKey.swift in Sources */,
				E99EABB528789D95006BD772 /* SceneDelegate.swift in Sources */,
			);
			runOnlyForDeploymentPostprocessing = 0;
		};
		E99EABC428789D98006BD772 /* Sources */ = {
			isa = PBXSourcesBuildPhase;
			buildActionMask = 2147483647;
			files = (
				E99EABCD28789D98006BD772 /* MoviesTests.swift in Sources */,
			);
			runOnlyForDeploymentPostprocessing = 0;
		};
		E99EABCE28789D98006BD772 /* Sources */ = {
			isa = PBXSourcesBuildPhase;
			buildActionMask = 2147483647;
			files = (
				E99EABD728789D98006BD772 /* MoviesUITests.swift in Sources */,
				E99EABD928789D98006BD772 /* MoviesUITestsLaunchTests.swift in Sources */,
			);
			runOnlyForDeploymentPostprocessing = 0;
		};
/* End PBXSourcesBuildPhase section */

/* Begin PBXTargetDependency section */
		E99EABCA28789D98006BD772 /* PBXTargetDependency */ = {
			isa = PBXTargetDependency;
			target = E99EABAE28789D95006BD772 /* Movies */;
			targetProxy = E99EABC928789D98006BD772 /* PBXContainerItemProxy */;
		};
		E99EABD428789D98006BD772 /* PBXTargetDependency */ = {
			isa = PBXTargetDependency;
			target = E99EABAE28789D95006BD772 /* Movies */;
			targetProxy = E99EABD328789D98006BD772 /* PBXContainerItemProxy */;
		};
/* End PBXTargetDependency section */

/* Begin PBXVariantGroup section */
		E99EABC028789D97006BD772 /* LaunchScreen.storyboard */ = {
			isa = PBXVariantGroup;
			children = (
				E99EABC128789D97006BD772 /* Base */,
			);
			name = LaunchScreen.storyboard;
			sourceTree = "<group>";
		};
/* End PBXVariantGroup section */

/* Begin XCBuildConfiguration section */
		E99EABDA28789D98006BD772 /* Debug */ = {
			isa = XCBuildConfiguration;
			buildSettings = {
				ALWAYS_SEARCH_USER_PATHS = NO;
				CLANG_ANALYZER_NONNULL = YES;
				CLANG_ANALYZER_NUMBER_OBJECT_CONVERSION = YES_AGGRESSIVE;
				CLANG_CXX_LANGUAGE_STANDARD = "gnu++17";
				CLANG_ENABLE_MODULES = YES;
				CLANG_ENABLE_OBJC_ARC = YES;
				CLANG_ENABLE_OBJC_WEAK = YES;
				CLANG_WARN_BLOCK_CAPTURE_AUTORELEASING = YES;
				CLANG_WARN_BOOL_CONVERSION = YES;
				CLANG_WARN_COMMA = YES;
				CLANG_WARN_CONSTANT_CONVERSION = YES;
				CLANG_WARN_DEPRECATED_OBJC_IMPLEMENTATIONS = YES;
				CLANG_WARN_DIRECT_OBJC_ISA_USAGE = YES_ERROR;
				CLANG_WARN_DOCUMENTATION_COMMENTS = YES;
				CLANG_WARN_EMPTY_BODY = YES;
				CLANG_WARN_ENUM_CONVERSION = YES;
				CLANG_WARN_INFINITE_RECURSION = YES;
				CLANG_WARN_INT_CONVERSION = YES;
				CLANG_WARN_NON_LITERAL_NULL_CONVERSION = YES;
				CLANG_WARN_OBJC_IMPLICIT_RETAIN_SELF = YES;
				CLANG_WARN_OBJC_LITERAL_CONVERSION = YES;
				CLANG_WARN_OBJC_ROOT_CLASS = YES_ERROR;
				CLANG_WARN_QUOTED_INCLUDE_IN_FRAMEWORK_HEADER = YES;
				CLANG_WARN_RANGE_LOOP_ANALYSIS = YES;
				CLANG_WARN_STRICT_PROTOTYPES = YES;
				CLANG_WARN_SUSPICIOUS_MOVE = YES;
				CLANG_WARN_UNGUARDED_AVAILABILITY = YES_AGGRESSIVE;
				CLANG_WARN_UNREACHABLE_CODE = YES;
				CLANG_WARN__DUPLICATE_METHOD_MATCH = YES;
				COPY_PHASE_STRIP = NO;
				DEBUG_INFORMATION_FORMAT = dwarf;
				ENABLE_STRICT_OBJC_MSGSEND = YES;
				ENABLE_TESTABILITY = YES;
				GCC_C_LANGUAGE_STANDARD = gnu11;
				GCC_DYNAMIC_NO_PIC = NO;
				GCC_NO_COMMON_BLOCKS = YES;
				GCC_OPTIMIZATION_LEVEL = 0;
				GCC_PREPROCESSOR_DEFINITIONS = (
					"DEBUG=1",
					"$(inherited)",
				);
				GCC_WARN_64_TO_32_BIT_CONVERSION = YES;
				GCC_WARN_ABOUT_RETURN_TYPE = YES_ERROR;
				GCC_WARN_UNDECLARED_SELECTOR = YES;
				GCC_WARN_UNINITIALIZED_AUTOS = YES_AGGRESSIVE;
				GCC_WARN_UNUSED_FUNCTION = YES;
				GCC_WARN_UNUSED_VARIABLE = YES;
				IPHONEOS_DEPLOYMENT_TARGET = 15.5;
				MTL_ENABLE_DEBUG_INFO = INCLUDE_SOURCE;
				MTL_FAST_MATH = YES;
				ONLY_ACTIVE_ARCH = YES;
				SDKROOT = iphoneos;
				SWIFT_ACTIVE_COMPILATION_CONDITIONS = DEBUG;
				SWIFT_OPTIMIZATION_LEVEL = "-Onone";
			};
			name = Debug;
		};
		E99EABDB28789D98006BD772 /* Release */ = {
			isa = XCBuildConfiguration;
			buildSettings = {
				ALWAYS_SEARCH_USER_PATHS = NO;
				CLANG_ANALYZER_NONNULL = YES;
				CLANG_ANALYZER_NUMBER_OBJECT_CONVERSION = YES_AGGRESSIVE;
				CLANG_CXX_LANGUAGE_STANDARD = "gnu++17";
				CLANG_ENABLE_MODULES = YES;
				CLANG_ENABLE_OBJC_ARC = YES;
				CLANG_ENABLE_OBJC_WEAK = YES;
				CLANG_WARN_BLOCK_CAPTURE_AUTORELEASING = YES;
				CLANG_WARN_BOOL_CONVERSION = YES;
				CLANG_WARN_COMMA = YES;
				CLANG_WARN_CONSTANT_CONVERSION = YES;
				CLANG_WARN_DEPRECATED_OBJC_IMPLEMENTATIONS = YES;
				CLANG_WARN_DIRECT_OBJC_ISA_USAGE = YES_ERROR;
				CLANG_WARN_DOCUMENTATION_COMMENTS = YES;
				CLANG_WARN_EMPTY_BODY = YES;
				CLANG_WARN_ENUM_CONVERSION = YES;
				CLANG_WARN_INFINITE_RECURSION = YES;
				CLANG_WARN_INT_CONVERSION = YES;
				CLANG_WARN_NON_LITERAL_NULL_CONVERSION = YES;
				CLANG_WARN_OBJC_IMPLICIT_RETAIN_SELF = YES;
				CLANG_WARN_OBJC_LITERAL_CONVERSION = YES;
				CLANG_WARN_OBJC_ROOT_CLASS = YES_ERROR;
				CLANG_WARN_QUOTED_INCLUDE_IN_FRAMEWORK_HEADER = YES;
				CLANG_WARN_RANGE_LOOP_ANALYSIS = YES;
				CLANG_WARN_STRICT_PROTOTYPES = YES;
				CLANG_WARN_SUSPICIOUS_MOVE = YES;
				CLANG_WARN_UNGUARDED_AVAILABILITY = YES_AGGRESSIVE;
				CLANG_WARN_UNREACHABLE_CODE = YES;
				CLANG_WARN__DUPLICATE_METHOD_MATCH = YES;
				COPY_PHASE_STRIP = NO;
				DEBUG_INFORMATION_FORMAT = "dwarf-with-dsym";
				ENABLE_NS_ASSERTIONS = NO;
				ENABLE_STRICT_OBJC_MSGSEND = YES;
				GCC_C_LANGUAGE_STANDARD = gnu11;
				GCC_NO_COMMON_BLOCKS = YES;
				GCC_WARN_64_TO_32_BIT_CONVERSION = YES;
				GCC_WARN_ABOUT_RETURN_TYPE = YES_ERROR;
				GCC_WARN_UNDECLARED_SELECTOR = YES;
				GCC_WARN_UNINITIALIZED_AUTOS = YES_AGGRESSIVE;
				GCC_WARN_UNUSED_FUNCTION = YES;
				GCC_WARN_UNUSED_VARIABLE = YES;
				IPHONEOS_DEPLOYMENT_TARGET = 15.5;
				MTL_ENABLE_DEBUG_INFO = NO;
				MTL_FAST_MATH = YES;
				SDKROOT = iphoneos;
				SWIFT_COMPILATION_MODE = wholemodule;
				SWIFT_OPTIMIZATION_LEVEL = "-O";
				VALIDATE_PRODUCT = YES;
			};
			name = Release;
		};
		E99EABDD28789D98006BD772 /* Debug */ = {
			isa = XCBuildConfiguration;
			buildSettings = {
				ASSETCATALOG_COMPILER_APPICON_NAME = AppIcon;
				ASSETCATALOG_COMPILER_GLOBAL_ACCENT_COLOR_NAME = AccentColor;
				CODE_SIGN_STYLE = Automatic;
				CURRENT_PROJECT_VERSION = 1;
				GENERATE_INFOPLIST_FILE = YES;
				INFOPLIST_FILE = "Movies/App Info/Info.plist";
				INFOPLIST_KEY_CFBundleDisplayName = Movies;
				INFOPLIST_KEY_UIApplicationSupportsIndirectInputEvents = YES;
				INFOPLIST_KEY_UILaunchStoryboardName = LaunchScreen;
				INFOPLIST_KEY_UISupportedInterfaceOrientations = UIInterfaceOrientationPortrait;
				INFOPLIST_KEY_UISupportedInterfaceOrientations_iPad = "UIInterfaceOrientationPortrait UIInterfaceOrientationPortraitUpsideDown UIInterfaceOrientationLandscapeLeft UIInterfaceOrientationLandscapeRight";
				INFOPLIST_KEY_UISupportedInterfaceOrientations_iPhone = "UIInterfaceOrientationPortrait UIInterfaceOrientationLandscapeLeft UIInterfaceOrientationLandscapeRight";
				LD_RUNPATH_SEARCH_PATHS = (
					"$(inherited)",
					"@executable_path/Frameworks",
				);
				MARKETING_VERSION = 1.0;
				PRODUCT_BUNDLE_IDENTIFIER = com.movies.Movies;
				PRODUCT_NAME = "$(TARGET_NAME)";
				SWIFT_EMIT_LOC_STRINGS = YES;
				SWIFT_VERSION = 5.0;
				TARGETED_DEVICE_FAMILY = 1;
			};
			name = Debug;
		};
		E99EABDE28789D98006BD772 /* Release */ = {
			isa = XCBuildConfiguration;
			buildSettings = {
				ASSETCATALOG_COMPILER_APPICON_NAME = AppIcon;
				ASSETCATALOG_COMPILER_GLOBAL_ACCENT_COLOR_NAME = AccentColor;
				CODE_SIGN_STYLE = Automatic;
				CURRENT_PROJECT_VERSION = 1;
				GENERATE_INFOPLIST_FILE = YES;
				INFOPLIST_FILE = "Movies/App Info/Info.plist";
				INFOPLIST_KEY_CFBundleDisplayName = Movies;
				INFOPLIST_KEY_UIApplicationSupportsIndirectInputEvents = YES;
				INFOPLIST_KEY_UILaunchStoryboardName = LaunchScreen;
				INFOPLIST_KEY_UISupportedInterfaceOrientations = UIInterfaceOrientationPortrait;
				INFOPLIST_KEY_UISupportedInterfaceOrientations_iPad = "UIInterfaceOrientationPortrait UIInterfaceOrientationPortraitUpsideDown UIInterfaceOrientationLandscapeLeft UIInterfaceOrientationLandscapeRight";
				INFOPLIST_KEY_UISupportedInterfaceOrientations_iPhone = "UIInterfaceOrientationPortrait UIInterfaceOrientationLandscapeLeft UIInterfaceOrientationLandscapeRight";
				LD_RUNPATH_SEARCH_PATHS = (
					"$(inherited)",
					"@executable_path/Frameworks",
				);
				MARKETING_VERSION = 1.0;
				PRODUCT_BUNDLE_IDENTIFIER = com.movies.Movies;
				PRODUCT_NAME = "$(TARGET_NAME)";
				SWIFT_EMIT_LOC_STRINGS = YES;
				SWIFT_VERSION = 5.0;
				TARGETED_DEVICE_FAMILY = 1;
			};
			name = Release;
		};
		E99EABE028789D98006BD772 /* Debug */ = {
			isa = XCBuildConfiguration;
			buildSettings = {
				ALWAYS_EMBED_SWIFT_STANDARD_LIBRARIES = YES;
				BUNDLE_LOADER = "$(TEST_HOST)";
				CODE_SIGN_STYLE = Automatic;
				CURRENT_PROJECT_VERSION = 1;
				GENERATE_INFOPLIST_FILE = YES;
				IPHONEOS_DEPLOYMENT_TARGET = 15.5;
				MARKETING_VERSION = 1.0;
				PRODUCT_BUNDLE_IDENTIFIER = com.movies.MoviesTests;
				PRODUCT_NAME = "$(TARGET_NAME)";
				SWIFT_EMIT_LOC_STRINGS = NO;
				SWIFT_VERSION = 5.0;
				TARGETED_DEVICE_FAMILY = "1,2";
				TEST_HOST = "$(BUILT_PRODUCTS_DIR)/Movies.app/Movies";
			};
			name = Debug;
		};
		E99EABE128789D98006BD772 /* Release */ = {
			isa = XCBuildConfiguration;
			buildSettings = {
				ALWAYS_EMBED_SWIFT_STANDARD_LIBRARIES = YES;
				BUNDLE_LOADER = "$(TEST_HOST)";
				CODE_SIGN_STYLE = Automatic;
				CURRENT_PROJECT_VERSION = 1;
				GENERATE_INFOPLIST_FILE = YES;
				IPHONEOS_DEPLOYMENT_TARGET = 15.5;
				MARKETING_VERSION = 1.0;
				PRODUCT_BUNDLE_IDENTIFIER = com.movies.MoviesTests;
				PRODUCT_NAME = "$(TARGET_NAME)";
				SWIFT_EMIT_LOC_STRINGS = NO;
				SWIFT_VERSION = 5.0;
				TARGETED_DEVICE_FAMILY = "1,2";
				TEST_HOST = "$(BUILT_PRODUCTS_DIR)/Movies.app/Movies";
			};
			name = Release;
		};
		E99EABE328789D98006BD772 /* Debug */ = {
			isa = XCBuildConfiguration;
			buildSettings = {
				ALWAYS_EMBED_SWIFT_STANDARD_LIBRARIES = YES;
				CODE_SIGN_STYLE = Automatic;
				CURRENT_PROJECT_VERSION = 1;
				GENERATE_INFOPLIST_FILE = YES;
				MARKETING_VERSION = 1.0;
				PRODUCT_BUNDLE_IDENTIFIER = com.movies.MoviesUITests;
				PRODUCT_NAME = "$(TARGET_NAME)";
				SWIFT_EMIT_LOC_STRINGS = NO;
				SWIFT_VERSION = 5.0;
				TARGETED_DEVICE_FAMILY = "1,2";
				TEST_TARGET_NAME = Movies;
			};
			name = Debug;
		};
		E99EABE428789D98006BD772 /* Release */ = {
			isa = XCBuildConfiguration;
			buildSettings = {
				ALWAYS_EMBED_SWIFT_STANDARD_LIBRARIES = YES;
				CODE_SIGN_STYLE = Automatic;
				CURRENT_PROJECT_VERSION = 1;
				GENERATE_INFOPLIST_FILE = YES;
				MARKETING_VERSION = 1.0;
				PRODUCT_BUNDLE_IDENTIFIER = com.movies.MoviesUITests;
				PRODUCT_NAME = "$(TARGET_NAME)";
				SWIFT_EMIT_LOC_STRINGS = NO;
				SWIFT_VERSION = 5.0;
				TARGETED_DEVICE_FAMILY = "1,2";
				TEST_TARGET_NAME = Movies;
			};
			name = Release;
		};
/* End XCBuildConfiguration section */

/* Begin XCConfigurationList section */
		E99EABAA28789D95006BD772 /* Build configuration list for PBXProject "Movies" */ = {
			isa = XCConfigurationList;
			buildConfigurations = (
				E99EABDA28789D98006BD772 /* Debug */,
				E99EABDB28789D98006BD772 /* Release */,
			);
			defaultConfigurationIsVisible = 0;
			defaultConfigurationName = Release;
		};
		E99EABDC28789D98006BD772 /* Build configuration list for PBXNativeTarget "Movies" */ = {
			isa = XCConfigurationList;
			buildConfigurations = (
				E99EABDD28789D98006BD772 /* Debug */,
				E99EABDE28789D98006BD772 /* Release */,
			);
			defaultConfigurationIsVisible = 0;
			defaultConfigurationName = Release;
		};
		E99EABDF28789D98006BD772 /* Build configuration list for PBXNativeTarget "MoviesTests" */ = {
			isa = XCConfigurationList;
			buildConfigurations = (
				E99EABE028789D98006BD772 /* Debug */,
				E99EABE128789D98006BD772 /* Release */,
			);
			defaultConfigurationIsVisible = 0;
			defaultConfigurationName = Release;
		};
		E99EABE228789D98006BD772 /* Build configuration list for PBXNativeTarget "MoviesUITests" */ = {
			isa = XCConfigurationList;
			buildConfigurations = (
				E99EABE328789D98006BD772 /* Debug */,
				E99EABE428789D98006BD772 /* Release */,
			);
			defaultConfigurationIsVisible = 0;
			defaultConfigurationName = Release;
		};
/* End XCConfigurationList section */

/* Begin XCRemoteSwiftPackageReference section */
		E942C9012879599B008F6D68 /* XCRemoteSwiftPackageReference "RxSwift" */ = {
			isa = XCRemoteSwiftPackageReference;
			repositoryURL = "https://github.com/ReactiveX/RxSwift.git";
			requirement = {
				kind = upToNextMajorVersion;
				minimumVersion = 6.0.0;
			};
		};
		E942C906287959B4008F6D68 /* XCRemoteSwiftPackageReference "fluentui-apple" */ = {
			isa = XCRemoteSwiftPackageReference;
			repositoryURL = "https://github.com/microsoft/fluentui-apple.git";
			requirement = {
				kind = upToNextMajorVersion;
				minimumVersion = 0.5.2;
			};
		};
/* End XCRemoteSwiftPackageReference section */

/* Begin XCSwiftPackageProductDependency section */
		E942C9022879599B008F6D68 /* RxCocoa */ = {
			isa = XCSwiftPackageProductDependency;
			package = E942C9012879599B008F6D68 /* XCRemoteSwiftPackageReference "RxSwift" */;
			productName = RxCocoa;
		};
		E942C9042879599B008F6D68 /* RxSwift */ = {
			isa = XCSwiftPackageProductDependency;
			package = E942C9012879599B008F6D68 /* XCRemoteSwiftPackageReference "RxSwift" */;
			productName = RxSwift;
		};
		E942C907287959B4008F6D68 /* FluentUI */ = {
			isa = XCSwiftPackageProductDependency;
			package = E942C906287959B4008F6D68 /* XCRemoteSwiftPackageReference "fluentui-apple" */;
			productName = FluentUI;
		};
/* End XCSwiftPackageProductDependency section */

/* Begin XCVersionGroup section */
		E99EABBB28789D95006BD772 /* Movies.xcdatamodeld */ = {
			isa = XCVersionGroup;
			children = (
				E99EABBC28789D95006BD772 /* Movies.xcdatamodel */,
			);
			currentVersion = E99EABBC28789D95006BD772 /* Movies.xcdatamodel */;
			path = Movies.xcdatamodeld;
			sourceTree = "<group>";
			versionGroupType = wrapper.xcdatamodel;
		};
/* End XCVersionGroup section */
	};
	rootObject = E99EABA728789D95006BD772 /* Project object */;
}
